
Microsoft Visual Studio Solution File, Format Version 11.00
# Visual Studio 2010
Project("{2150E333-8FDC-42A3-9474-1A3956D46DE8}") = "Properties", "Properties", "{FC85628E-DE7A-4D58-B09A-95686E0329C6}"
EndProject
Project("{FAE04EC0-301F-11D3-BF4B-00C04F79EFBC}") = "FamilyBudget.Data", "FamilyBudget.Data\FamilyBudget.Data.csproj", "{5A76D072-DD00-4248-8690-3CD76C7AB776}"
EndProject
Project("{FAE04EC0-301F-11D3-BF4B-00C04F79EFBC}") = "FamilyBudget.AddIn", "FamilyBudget.AddIn\FamilyBudget.AddIn.csproj", "{0E106D87-F4EE-48CE-93F0-FE039921BD14}"
EndProject
Project("{FAE04EC0-301F-11D3-BF4B-00C04F79EFBC}") = "FamilyBudget.Common", "FamilyBudget.Common\FamilyBudget.Common.csproj", "{24739423-4801-450E-8276-CB3152C71A77}"
EndProject
Project("{FAE04EC0-301F-11D3-BF4B-00C04F79EFBC}") = "FamilyBudget.RegisterAddIn", "FamilyBudget.RegisterAddIn\FamilyBudget.RegisterAddIn.csproj", "{F003B33A-631A-4771-8B50-E3AF784B325F}"
EndProject
Project("{54435603-DBB4-11D2-8724-00A0C9A8B90C}") = "FamilyBudget.Installer-Excel2013", "FamilyBudget.Installer-Excel2013\FamilyBudget.Installer-Excel2013.vdproj", "{88190B90-DCF3-4E51-898D-D03F334461CF}"
EndProject
Project("{54435603-DBB4-11D2-8724-00A0C9A8B90C}") = "FamilyBudget.Installer-Excel2010", "FamilyBudget.Installer-Excel2010\FamilyBudget.Installer-Excel2010.vdproj", "{FE578D1E-88FA-4BCA-9CCA-36B138FFBDCB}"
EndProject
Global
	GlobalSection(SolutionConfigurationPlatforms) = preSolution
		CD_ROM|Any CPU = CD_ROM|Any CPU
		CD_ROM|Mixed Platforms = CD_ROM|Mixed Platforms
		CD_ROM|x86 = CD_ROM|x86
		Debug|Any CPU = Debug|Any CPU
		Debug|Mixed Platforms = Debug|Mixed Platforms
		Debug|x86 = Debug|x86
		DVD-5|Any CPU = DVD-5|Any CPU
		DVD-5|Mixed Platforms = DVD-5|Mixed Platforms
		DVD-5|x86 = DVD-5|x86
		Release|Any CPU = Release|Any CPU
		Release|Mixed Platforms = Release|Mixed Platforms
		Release|x86 = Release|x86
		SingleImage|Any CPU = SingleImage|Any CPU
		SingleImage|Mixed Platforms = SingleImage|Mixed Platforms
		SingleImage|x86 = SingleImage|x86
	EndGlobalSection
	GlobalSection(ProjectConfigurationPlatforms) = postSolution
		{5A76D072-DD00-4248-8690-3CD76C7AB776}.CD_ROM|Any CPU.ActiveCfg = Release|Any CPU
		{5A76D072-DD00-4248-8690-3CD76C7AB776}.CD_ROM|Any CPU.Build.0 = Release|Any CPU
		{5A76D072-DD00-4248-8690-3CD76C7AB776}.CD_ROM|Mixed Platforms.ActiveCfg = Release|Any CPU
		{5A76D072-DD00-4248-8690-3CD76C7AB776}.CD_ROM|Mixed Platforms.Build.0 = Release|Any CPU
		{5A76D072-DD00-4248-8690-3CD76C7AB776}.CD_ROM|x86.ActiveCfg = Release|Any CPU
		{5A76D072-DD00-4248-8690-3CD76C7AB776}.Debug|Any CPU.ActiveCfg = Debug|Any CPU
		{5A76D072-DD00-4248-8690-3CD76C7AB776}.Debug|Any CPU.Build.0 = Debug|Any CPU
		{5A76D072-DD00-4248-8690-3CD76C7AB776}.Debug|Mixed Platforms.ActiveCfg = Debug|Any CPU
		{5A76D072-DD00-4248-8690-3CD76C7AB776}.Debug|Mixed Platforms.Build.0 = Debug|Any CPU
		{5A76D072-DD00-4248-8690-3CD76C7AB776}.Debug|x86.ActiveCfg = Debug|Any CPU
		{5A76D072-DD00-4248-8690-3CD76C7AB776}.DVD-5|Any CPU.ActiveCfg = Debug|Any CPU
		{5A76D072-DD00-4248-8690-3CD76C7AB776}.DVD-5|Any CPU.Build.0 = Debug|Any CPU
		{5A76D072-DD00-4248-8690-3CD76C7AB776}.DVD-5|Mixed Platforms.ActiveCfg = Debug|Any CPU
		{5A76D072-DD00-4248-8690-3CD76C7AB776}.DVD-5|Mixed Platforms.Build.0 = Debug|Any CPU
		{5A76D072-DD00-4248-8690-3CD76C7AB776}.DVD-5|x86.ActiveCfg = Debug|Any CPU
		{5A76D072-DD00-4248-8690-3CD76C7AB776}.Release|Any CPU.ActiveCfg = Release|Any CPU
		{5A76D072-DD00-4248-8690-3CD76C7AB776}.Release|Any CPU.Build.0 = Release|Any CPU
		{5A76D072-DD00-4248-8690-3CD76C7AB776}.Release|Mixed Platforms.ActiveCfg = Release|Any CPU
		{5A76D072-DD00-4248-8690-3CD76C7AB776}.Release|Mixed Platforms.Build.0 = Release|Any CPU
		{5A76D072-DD00-4248-8690-3CD76C7AB776}.Release|x86.ActiveCfg = Release|Any CPU
		{5A76D072-DD00-4248-8690-3CD76C7AB776}.SingleImage|Any CPU.ActiveCfg = Release|Any CPU
		{5A76D072-DD00-4248-8690-3CD76C7AB776}.SingleImage|Any CPU.Build.0 = Release|Any CPU
		{5A76D072-DD00-4248-8690-3CD76C7AB776}.SingleImage|Mixed Platforms.ActiveCfg = Release|Any CPU
		{5A76D072-DD00-4248-8690-3CD76C7AB776}.SingleImage|Mixed Platforms.Build.0 = Release|Any CPU
		{5A76D072-DD00-4248-8690-3CD76C7AB776}.SingleImage|x86.ActiveCfg = Release|Any CPU
		{0E106D87-F4EE-48CE-93F0-FE039921BD14}.CD_ROM|Any CPU.ActiveCfg = Release|Any CPU
		{0E106D87-F4EE-48CE-93F0-FE039921BD14}.CD_ROM|Any CPU.Build.0 = Release|Any CPU
		{0E106D87-F4EE-48CE-93F0-FE039921BD14}.CD_ROM|Mixed Platforms.ActiveCfg = Release|Any CPU
		{0E106D87-F4EE-48CE-93F0-FE039921BD14}.CD_ROM|Mixed Platforms.Build.0 = Release|Any CPU
		{0E106D87-F4EE-48CE-93F0-FE039921BD14}.CD_ROM|x86.ActiveCfg = Release|Any CPU
		{0E106D87-F4EE-48CE-93F0-FE039921BD14}.Debug|Any CPU.ActiveCfg = Debug|Any CPU
		{0E106D87-F4EE-48CE-93F0-FE039921BD14}.Debug|Any CPU.Build.0 = Debug|Any CPU
		{0E106D87-F4EE-48CE-93F0-FE039921BD14}.Debug|Mixed Platforms.ActiveCfg = Debug|Any CPU
		{0E106D87-F4EE-48CE-93F0-FE039921BD14}.Debug|Mixed Platforms.Build.0 = Debug|Any CPU
		{0E106D87-F4EE-48CE-93F0-FE039921BD14}.Debug|x86.ActiveCfg = Debug|Any CPU
		{0E106D87-F4EE-48CE-93F0-FE039921BD14}.DVD-5|Any CPU.ActiveCfg = Debug|Any CPU
		{0E106D87-F4EE-48CE-93F0-FE039921BD14}.DVD-5|Any CPU.Build.0 = Debug|Any CPU
		{0E106D87-F4EE-48CE-93F0-FE039921BD14}.DVD-5|Mixed Platforms.ActiveCfg = Debug|Any CPU
		{0E106D87-F4EE-48CE-93F0-FE039921BD14}.DVD-5|Mixed Platforms.Build.0 = Debug|Any CPU
		{0E106D87-F4EE-48CE-93F0-FE039921BD14}.DVD-5|x86.ActiveCfg = Debug|Any CPU
		{0E106D87-F4EE-48CE-93F0-FE039921BD14}.Release|Any CPU.ActiveCfg = Release|Any CPU
		{0E106D87-F4EE-48CE-93F0-FE039921BD14}.Release|Any CPU.Build.0 = Release|Any CPU
		{0E106D87-F4EE-48CE-93F0-FE039921BD14}.Release|Mixed Platforms.ActiveCfg = Release|Any CPU
		{0E106D87-F4EE-48CE-93F0-FE039921BD14}.Release|Mixed Platforms.Build.0 = Release|Any CPU
		{0E106D87-F4EE-48CE-93F0-FE039921BD14}.Release|x86.ActiveCfg = Release|Any CPU
		{0E106D87-F4EE-48CE-93F0-FE039921BD14}.SingleImage|Any CPU.ActiveCfg = Release|Any CPU
		{0E106D87-F4EE-48CE-93F0-FE039921BD14}.SingleImage|Any CPU.Build.0 = Release|Any CPU
		{0E106D87-F4EE-48CE-93F0-FE039921BD14}.SingleImage|Mixed Platforms.ActiveCfg = Release|Any CPU
		{0E106D87-F4EE-48CE-93F0-FE039921BD14}.SingleImage|Mixed Platforms.Build.0 = Release|Any CPU
		{0E106D87-F4EE-48CE-93F0-FE039921BD14}.SingleImage|x86.ActiveCfg = Release|Any CPU
		{24739423-4801-450E-8276-CB3152C71A77}.CD_ROM|Any CPU.ActiveCfg = Release|Any CPU
		{24739423-4801-450E-8276-CB3152C71A77}.CD_ROM|Any CPU.Build.0 = Release|Any CPU
		{24739423-4801-450E-8276-CB3152C71A77}.CD_ROM|Mixed Platforms.ActiveCfg = Release|Any CPU
		{24739423-4801-450E-8276-CB3152C71A77}.CD_ROM|Mixed Platforms.Build.0 = Release|Any CPU
		{24739423-4801-450E-8276-CB3152C71A77}.CD_ROM|x86.ActiveCfg = Release|Any CPU
		{24739423-4801-450E-8276-CB3152C71A77}.Debug|Any CPU.ActiveCfg = Debug|Any CPU
		{24739423-4801-450E-8276-CB3152C71A77}.Debug|Any CPU.Build.0 = Debug|Any CPU
		{24739423-4801-450E-8276-CB3152C71A77}.Debug|Mixed Platforms.ActiveCfg = Debug|Any CPU
		{24739423-4801-450E-8276-CB3152C71A77}.Debug|Mixed Platforms.Build.0 = Debug|Any CPU
		{24739423-4801-450E-8276-CB3152C71A77}.Debug|x86.ActiveCfg = Debug|Any CPU
		{24739423-4801-450E-8276-CB3152C71A77}.DVD-5|Any CPU.ActiveCfg = Debug|Any CPU
		{24739423-4801-450E-8276-CB3152C71A77}.DVD-5|Any CPU.Build.0 = Debug|Any CPU
		{24739423-4801-450E-8276-CB3152C71A77}.DVD-5|Mixed Platforms.ActiveCfg = Debug|Any CPU
		{24739423-4801-450E-8276-CB3152C71A77}.DVD-5|Mixed Platforms.Build.0 = Debug|Any CPU
		{24739423-4801-450E-8276-CB3152C71A77}.DVD-5|x86.ActiveCfg = Debug|Any CPU
		{24739423-4801-450E-8276-CB3152C71A77}.Release|Any CPU.ActiveCfg = Release|Any CPU
		{24739423-4801-450E-8276-CB3152C71A77}.Release|Any CPU.Build.0 = Release|Any CPU
		{24739423-4801-450E-8276-CB3152C71A77}.Release|Mixed Platforms.ActiveCfg = Release|Any CPU
		{24739423-4801-450E-8276-CB3152C71A77}.Release|Mixed Platforms.Build.0 = Release|Any CPU
		{24739423-4801-450E-8276-CB3152C71A77}.Release|x86.ActiveCfg = Release|Any CPU
		{24739423-4801-450E-8276-CB3152C71A77}.SingleImage|Any CPU.ActiveCfg = Release|Any CPU
		{24739423-4801-450E-8276-CB3152C71A77}.SingleImage|Any CPU.Build.0 = Release|Any CPU
		{24739423-4801-450E-8276-CB3152C71A77}.SingleImage|Mixed Platforms.ActiveCfg = Release|Any CPU
		{24739423-4801-450E-8276-CB3152C71A77}.SingleImage|Mixed Platforms.Build.0 = Release|Any CPU
		{24739423-4801-450E-8276-CB3152C71A77}.SingleImage|x86.ActiveCfg = Release|Any CPU
		{F003B33A-631A-4771-8B50-E3AF784B325F}.CD_ROM|Any CPU.ActiveCfg = Release|x86
		{F003B33A-631A-4771-8B50-E3AF784B325F}.CD_ROM|Mixed Platforms.ActiveCfg = Release|x86
		{F003B33A-631A-4771-8B50-E3AF784B325F}.CD_ROM|Mixed Platforms.Build.0 = Release|x86
		{F003B33A-631A-4771-8B50-E3AF784B325F}.CD_ROM|x86.ActiveCfg = Release|x86
		{F003B33A-631A-4771-8B50-E3AF784B325F}.CD_ROM|x86.Build.0 = Release|x86
		{F003B33A-631A-4771-8B50-E3AF784B325F}.Debug|Any CPU.ActiveCfg = Debug|x86
		{F003B33A-631A-4771-8B50-E3AF784B325F}.Debug|Mixed Platforms.ActiveCfg = Debug|x86
		{F003B33A-631A-4771-8B50-E3AF784B325F}.Debug|Mixed Platforms.Build.0 = Debug|x86
		{F003B33A-631A-4771-8B50-E3AF784B325F}.Debug|x86.ActiveCfg = Debug|x86
		{F003B33A-631A-4771-8B50-E3AF784B325F}.Debug|x86.Build.0 = Debug|x86
		{F003B33A-631A-4771-8B50-E3AF784B325F}.DVD-5|Any CPU.ActiveCfg = Debug|x86
		{F003B33A-631A-4771-8B50-E3AF784B325F}.DVD-5|Mixed Platforms.ActiveCfg = Debug|x86
		{F003B33A-631A-4771-8B50-E3AF784B325F}.DVD-5|Mixed Platforms.Build.0 = Debug|x86
		{F003B33A-631A-4771-8B50-E3AF784B325F}.DVD-5|x86.ActiveCfg = Debug|x86
		{F003B33A-631A-4771-8B50-E3AF784B325F}.DVD-5|x86.Build.0 = Debug|x86
		{F003B33A-631A-4771-8B50-E3AF784B325F}.Release|Any CPU.ActiveCfg = Release|x86
		{F003B33A-631A-4771-8B50-E3AF784B325F}.Release|Mixed Platforms.ActiveCfg = Release|x86
		{F003B33A-631A-4771-8B50-E3AF784B325F}.Release|Mixed Platforms.Build.0 = Release|x86
		{F003B33A-631A-4771-8B50-E3AF784B325F}.Release|x86.ActiveCfg = Release|x86
		{F003B33A-631A-4771-8B50-E3AF784B325F}.Release|x86.Build.0 = Release|x86
		{F003B33A-631A-4771-8B50-E3AF784B325F}.SingleImage|Any CPU.ActiveCfg = Release|x86
		{F003B33A-631A-4771-8B50-E3AF784B325F}.SingleImage|Mixed Platforms.ActiveCfg = Release|x86
		{F003B33A-631A-4771-8B50-E3AF784B325F}.SingleImage|Mixed Platforms.Build.0 = Release|x86
		{F003B33A-631A-4771-8B50-E3AF784B325F}.SingleImage|x86.ActiveCfg = Release|x86
		{F003B33A-631A-4771-8B50-E3AF784B325F}.SingleImage|x86.Build.0 = Release|x86
		{88190B90-DCF3-4E51-898D-D03F334461CF}.CD_ROM|Any CPU.ActiveCfg = Release
		{88190B90-DCF3-4E51-898D-D03F334461CF}.CD_ROM|Any CPU.Build.0 = Release
		{88190B90-DCF3-4E51-898D-D03F334461CF}.CD_ROM|Mixed Platforms.ActiveCfg = Release
		{88190B90-DCF3-4E51-898D-D03F334461CF}.CD_ROM|Mixed Platforms.Build.0 = Release
		{88190B90-DCF3-4E51-898D-D03F334461CF}.CD_ROM|x86.ActiveCfg = Release
		{88190B90-DCF3-4E51-898D-D03F334461CF}.CD_ROM|x86.Build.0 = Release
		{88190B90-DCF3-4E51-898D-D03F334461CF}.Debug|Any CPU.ActiveCfg = Debug
		{88190B90-DCF3-4E51-898D-D03F334461CF}.Debug|Any CPU.Build.0 = Debug
		{88190B90-DCF3-4E51-898D-D03F334461CF}.Debug|Mixed Platforms.ActiveCfg = Debug
		{88190B90-DCF3-4E51-898D-D03F334461CF}.Debug|Mixed Platforms.Build.0 = Debug
		{88190B90-DCF3-4E51-898D-D03F334461CF}.Debug|x86.ActiveCfg = Debug
		{88190B90-DCF3-4E51-898D-D03F334461CF}.Debug|x86.Build.0 = Debug
		{88190B90-DCF3-4E51-898D-D03F334461CF}.DVD-5|Any CPU.ActiveCfg = Debug
		{88190B90-DCF3-4E51-898D-D03F334461CF}.DVD-5|Any CPU.Build.0 = Debug
		{88190B90-DCF3-4E51-898D-D03F334461CF}.DVD-5|Mixed Platforms.ActiveCfg = Debug
		{88190B90-DCF3-4E51-898D-D03F334461CF}.DVD-5|Mixed Platforms.Build.0 = Debug
		{88190B90-DCF3-4E51-898D-D03F334461CF}.DVD-5|x86.ActiveCfg = Debug
		{88190B90-DCF3-4E51-898D-D03F334461CF}.DVD-5|x86.Build.0 = Debug
		{88190B90-DCF3-4E51-898D-D03F334461CF}.Release|Any CPU.ActiveCfg = Release
		{88190B90-DCF3-4E51-898D-D03F334461CF}.Release|Any CPU.Build.0 = Release
		{88190B90-DCF3-4E51-898D-D03F334461CF}.Release|Mixed Platforms.ActiveCfg = Release
		{88190B90-DCF3-4E51-898D-D03F334461CF}.Release|Mixed Platforms.Build.0 = Release
		{88190B90-DCF3-4E51-898D-D03F334461CF}.Release|x86.ActiveCfg = Release
		{88190B90-DCF3-4E51-898D-D03F334461CF}.Release|x86.Build.0 = Release
		{88190B90-DCF3-4E51-898D-D03F334461CF}.SingleImage|Any CPU.ActiveCfg = Release
		{88190B90-DCF3-4E51-898D-D03F334461CF}.SingleImage|Any CPU.Build.0 = Release
		{88190B90-DCF3-4E51-898D-D03F334461CF}.SingleImage|Mixed Platforms.ActiveCfg = Release
		{88190B90-DCF3-4E51-898D-D03F334461CF}.SingleImage|Mixed Platforms.Build.0 = Release
		{88190B90-DCF3-4E51-898D-D03F334461CF}.SingleImage|x86.ActiveCfg = Release
		{88190B90-DCF3-4E51-898D-D03F334461CF}.SingleImage|x86.Build.0 = Release
		{FE578D1E-88FA-4BCA-9CCA-36B138FFBDCB}.CD_ROM|Any CPU.ActiveCfg = Release
		{FE578D1E-88FA-4BCA-9CCA-36B138FFBDCB}.CD_ROM|Any CPU.Build.0 = Release
		{FE578D1E-88FA-4BCA-9CCA-36B138FFBDCB}.CD_ROM|Mixed Platforms.ActiveCfg = Release
		{FE578D1E-88FA-4BCA-9CCA-36B138FFBDCB}.CD_ROM|Mixed Platforms.Build.0 = Release
		{FE578D1E-88FA-4BCA-9CCA-36B138FFBDCB}.CD_ROM|x86.ActiveCfg = Release
		{FE578D1E-88FA-4BCA-9CCA-36B138FFBDCB}.CD_ROM|x86.Build.0 = Release
		{FE578D1E-88FA-4BCA-9CCA-36B138FFBDCB}.Debug|Any CPU.ActiveCfg = Debug
		{FE578D1E-88FA-4BCA-9CCA-36B138FFBDCB}.Debug|Any CPU.Build.0 = Debug
		{FE578D1E-88FA-4BCA-9CCA-36B138FFBDCB}.Debug|Mixed Platforms.ActiveCfg = Debug
		{FE578D1E-88FA-4BCA-9CCA-36B138FFBDCB}.Debug|Mixed Platforms.Build.0 = Debug
		{FE578D1E-88FA-4BCA-9CCA-36B138FFBDCB}.Debug|x86.ActiveCfg = Debug
		{FE578D1E-88FA-4BCA-9CCA-36B138FFBDCB}.Debug|x86.Build.0 = Debug
		{FE578D1E-88FA-4BCA-9CCA-36B138FFBDCB}.DVD-5|Any CPU.ActiveCfg = Debug
		{FE578D1E-88FA-4BCA-9CCA-36B138FFBDCB}.DVD-5|Any CPU.Build.0 = Debug
		{FE578D1E-88FA-4BCA-9CCA-36B138FFBDCB}.DVD-5|Mixed Platforms.ActiveCfg = Debug
		{FE578D1E-88FA-4BCA-9CCA-36B138FFBDCB}.DVD-5|Mixed Platforms.Build.0 = Debug
		{FE578D1E-88FA-4BCA-9CCA-36B138FFBDCB}.DVD-5|x86.ActiveCfg = Debug
		{FE578D1E-88FA-4BCA-9CCA-36B138FFBDCB}.DVD-5|x86.Build.0 = Debug
		{FE578D1E-88FA-4BCA-9CCA-36B138FFBDCB}.Release|Any CPU.ActiveCfg = Release
		{FE578D1E-88FA-4BCA-9CCA-36B138FFBDCB}.Release|Any CPU.Build.0 = Release
		{FE578D1E-88FA-4BCA-9CCA-36B138FFBDCB}.Release|Mixed Platforms.ActiveCfg = Release
		{FE578D1E-88FA-4BCA-9CCA-36B138FFBDCB}.Release|Mixed Platforms.Build.0 = Release
		{FE578D1E-88FA-4BCA-9CCA-36B138FFBDCB}.Release|x86.ActiveCfg = Release
		{FE578D1E-88FA-4BCA-9CCA-36B138FFBDCB}.Release|x86.Build.0 = Release
		{FE578D1E-88FA-4BCA-9CCA-36B138FFBDCB}.SingleImage|Any CPU.ActiveCfg = Release
		{FE578D1E-88FA-4BCA-9CCA-36B138FFBDCB}.SingleImage|Any CPU.Build.0 = Release
		{FE578D1E-88FA-4BCA-9CCA-36B138FFBDCB}.SingleImage|Mixed Platforms.ActiveCfg = Release
		{FE578D1E-88FA-4BCA-9CCA-36B138FFBDCB}.SingleImage|Mixed Platforms.Build.0 = Release
		{FE578D1E-88FA-4BCA-9CCA-36B138FFBDCB}.SingleImage|x86.ActiveCfg = Release
		{FE578D1E-88FA-4BCA-9CCA-36B138FFBDCB}.SingleImage|x86.Build.0 = Release
	EndGlobalSection
	GlobalSection(SolutionProperties) = preSolution
		HideSolutionNode = FALSE
	EndGlobalSection
	GlobalSection(ExtensibilityGlobals) = postSolution
		BuildVersion_UseGlobalSettings = False
		BuildVersion_IncrementBeforeBuild = False
		BuildVersion_StartDate = 2013/1/1
		BuildVersion_BuildVersioningStyle = None.None.YearDayOfYear.None
		BuildVersion_BuildAction = Both
		BuildVersion_ConfigurationName = Release
		BuildVersion_AssemblyInfoFilename = AssemblyVersioning.cs
		BuildVersion_UpdateFileVersion = True
		BuildVersion_UpdateAssemblyVersion = True
	EndGlobalSection
EndGlobal
