
Microsoft Visual Studio Solution File, Format Version 11.00
# Visual Studio 2010
Project("{FAE04EC0-301F-11D3-BF4B-00C04F79EFBC}") = "HomeBudget.Data", "HomeBudget.Data\HomeBudget.Data.csproj", "{5A76D072-DD00-4248-8690-3CD76C7AB776}"
EndProject
Project("{FAE04EC0-301F-11D3-BF4B-00C04F79EFBC}") = "HomeBudget.DataModel", "HomeBudget.DataModel\HomeBudget.DataModel.csproj", "{A1EF9403-667B-4B74-9E7C-E1DD19FDAC26}"
EndProject
Project("{2150E333-8FDC-42A3-9474-1A3956D46DE8}") = "Properties", "Properties", "{FC85628E-DE7A-4D58-B09A-95686E0329C6}"
EndProject
Project("{FAE04EC0-301F-11D3-BF4B-00C04F79EFBC}") = "HouseholdBudgetAddIn", "HouseholdBudgetAddIn\HouseholdBudgetAddIn.csproj", "{0E106D87-F4EE-48CE-93F0-FE039921BD14}"
EndProject
Project("{54435603-DBB4-11D2-8724-00A0C9A8B90C}") = "HouseholdBudgetAddIn.Setup", "HouseholdBudget.Setup\HouseholdBudgetAddIn.Setup.vdproj", "{098C41A5-E2FB-445C-AB43-15F8BFCE9489}"
EndProject
Global
	GlobalSection(SolutionConfigurationPlatforms) = preSolution
		Debug|Any CPU = Debug|Any CPU
		Release|Any CPU = Release|Any CPU
	EndGlobalSection
	GlobalSection(ProjectConfigurationPlatforms) = postSolution
		{5A76D072-DD00-4248-8690-3CD76C7AB776}.Debug|Any CPU.ActiveCfg = Debug|Any CPU
		{5A76D072-DD00-4248-8690-3CD76C7AB776}.Debug|Any CPU.Build.0 = Debug|Any CPU
		{5A76D072-DD00-4248-8690-3CD76C7AB776}.Release|Any CPU.ActiveCfg = Release|Any CPU
		{5A76D072-DD00-4248-8690-3CD76C7AB776}.Release|Any CPU.Build.0 = Release|Any CPU
		{A1EF9403-667B-4B74-9E7C-E1DD19FDAC26}.Debug|Any CPU.ActiveCfg = Debug|Any CPU
		{A1EF9403-667B-4B74-9E7C-E1DD19FDAC26}.Debug|Any CPU.Build.0 = Debug|Any CPU
		{A1EF9403-667B-4B74-9E7C-E1DD19FDAC26}.Release|Any CPU.ActiveCfg = Release|Any CPU
		{A1EF9403-667B-4B74-9E7C-E1DD19FDAC26}.Release|Any CPU.Build.0 = Release|Any CPU
		{0E106D87-F4EE-48CE-93F0-FE039921BD14}.Debug|Any CPU.ActiveCfg = Debug|Any CPU
		{0E106D87-F4EE-48CE-93F0-FE039921BD14}.Debug|Any CPU.Build.0 = Debug|Any CPU
		{0E106D87-F4EE-48CE-93F0-FE039921BD14}.Release|Any CPU.ActiveCfg = Release|Any CPU
		{0E106D87-F4EE-48CE-93F0-FE039921BD14}.Release|Any CPU.Build.0 = Release|Any CPU
		{098C41A5-E2FB-445C-AB43-15F8BFCE9489}.Debug|Any CPU.ActiveCfg = Debug
		{098C41A5-E2FB-445C-AB43-15F8BFCE9489}.Release|Any CPU.ActiveCfg = Release
		{098C41A5-E2FB-445C-AB43-15F8BFCE9489}.Release|Any CPU.Build.0 = Release
	EndGlobalSection
	GlobalSection(SolutionProperties) = preSolution
		HideSolutionNode = FALSE
	EndGlobalSection
	GlobalSection(ExtensibilityGlobals) = postSolution
		BuildVersion_UseGlobalSettings = False
		BuildVersion_IncrementBeforeBuild = False
		BuildVersion_StartDate = 2013/1/1
		BuildVersion_BuildVersioningStyle = None.None.YearDayOfYear.None
		BuildVersion_BuildAction = Both
		BuildVersion_ConfigurationName = Release
		BuildVersion_AssemblyInfoFilename = AssemblyVersioning.cs
		BuildVersion_UpdateFileVersion = True
		BuildVersion_UpdateAssemblyVersion = True
	EndGlobalSection
EndGlobal
